{
  "name": "6-meu-programa",
  "version": "1.0.0",
  "lockfileVersion": 2,
  "requires": true,
  "packages": {
    "": {
      "name": "6-meu-programa",
      "version": "1.0.0",
      "license": "ISC",
      "dependencies": {
        "matematica": "file:../6-Pacotes"
      }
    },
    "../6-Pacotes": {
      "name": "matematica",
      "version": "1.0.0",
      "license": "ISC"
    },
    "node_modules/matematica": {
      "resolved": "../6-Pacotes",
      "link": true
    }
  },
  "dependencies": {
    "matematica": {
      "version": "file:../6-Pacotes"
    }
  }
}
